
Microsoft Visual Studio Solution File, Format Version 12.00
# Visual Studio Version 18
VisualStudioVersion = 18.5.11723.231 stable
MinimumVisualStudioVersion = 10.0.40219.1
Project("{FAE04EC0-301F-11D3-BF4B-00C04F79EFBC}") = "MauiStore", "Frontend\MauiStore\MauiStore\MauiStore.csproj", "{959324CE-7A81-901F-C104-997D30ECF389}"
EndProject
Project("{FAE04EC0-301F-11D3-BF4B-00C04F79EFBC}") = "MauiStore.Shared", "Frontend\MauiStore\MauiStore.Shared\MauiStore.Shared.csproj", "{457FA65E-B688-71D7-F8E9-A155F7047152}"
EndProject
Project("{FAE04EC0-301F-11D3-BF4B-00C04F79EFBC}") = "MauiStore.Web", "Frontend\MauiStore\MauiStore.Web\MauiStore.Web.csproj", "{2A9D0094-62EF-201D-4058-159D13B48F55}"
EndProject
Project("{FAE04EC0-301F-11D3-BF4B-00C04F79EFBC}") = "AppProveedoresAPI", "Backend\AppProveedoresAPI\AppProveedoresAPI.csproj", "{F68ACAD6-C997-3B8E-2430-0C6BC3755118}"
EndProject
Global
	GlobalSection(SolutionConfigurationPlatforms) = preSolution
		Debug|Any CPU = Debug|Any CPU
		Release|Any CPU = Release|Any CPU
	EndGlobalSection
	GlobalSection(ProjectConfigurationPlatforms) = postSolution
		{959324CE-7A81-901F-C104-997D30ECF389}.Debug|Any CPU.ActiveCfg = Debug|Any CPU
		{959324CE-7A81-901F-C104-997D30ECF389}.Debug|Any CPU.Build.0 = Debug|Any CPU
		{959324CE-7A81-901F-C104-997D30ECF389}.Debug|Any CPU.Deploy.0 = Debug|Any CPU
		{959324CE-7A81-901F-C104-997D30ECF389}.Release|Any CPU.ActiveCfg = Release|Any CPU
		{959324CE-7A81-901F-C104-997D30ECF389}.Release|Any CPU.Build.0 = Release|Any CPU
		{457FA65E-B688-71D7-F8E9-A155F7047152}.Debug|Any CPU.ActiveCfg = Debug|Any CPU
		{457FA65E-B688-71D7-F8E9-A155F7047152}.Debug|Any CPU.Build.0 = Debug|Any CPU
		{457FA65E-B688-71D7-F8E9-A155F7047152}.Release|Any CPU.ActiveCfg = Release|Any CPU
		{457FA65E-B688-71D7-F8E9-A155F7047152}.Release|Any CPU.Build.0 = Release|Any CPU
		{2A9D0094-62EF-201D-4058-159D13B48F55}.Debug|Any CPU.ActiveCfg = Debug|Any CPU
		{2A9D0094-62EF-201D-4058-159D13B48F55}.Debug|Any CPU.Build.0 = Debug|Any CPU
		{2A9D0094-62EF-201D-4058-159D13B48F55}.Release|Any CPU.ActiveCfg = Release|Any CPU
		{2A9D0094-62EF-201D-4058-159D13B48F55}.Release|Any CPU.Build.0 = Release|Any CPU
		{F68ACAD6-C997-3B8E-2430-0C6BC3755118}.Debug|Any CPU.ActiveCfg = Debug|Any CPU
		{F68ACAD6-C997-3B8E-2430-0C6BC3755118}.Debug|Any CPU.Build.0 = Debug|Any CPU
		{F68ACAD6-C997-3B8E-2430-0C6BC3755118}.Release|Any CPU.ActiveCfg = Release|Any CPU
		{F68ACAD6-C997-3B8E-2430-0C6BC3755118}.Release|Any CPU.Build.0 = Release|Any CPU
	EndGlobalSection
	GlobalSection(SolutionProperties) = preSolution
		HideSolutionNode = FALSE
	EndGlobalSection
	GlobalSection(ExtensibilityGlobals) = postSolution
		SolutionGuid = {D70537D8-86DA-4C48-B8B4-5194C62F2883}
	EndGlobalSection
EndGlobal
